
Microsoft Visual Studio Solution File, Format Version 12.00
# Visual Studio Version 17
VisualStudioVersion = 17.0.32014.148
MinimumVisualStudioVersion = 10.0.40219.1
Project("{FAE04EC0-301F-11D3-BF4B-00C04F79EFBC}") = "RedMangoPowerBallSupportProgram", "RedMango PowerBall Support Program\RedMangoPowerBallSupportProgram.csproj", "{C87BDA45-25C2-4B13-93A4-B5B369B081B7}"
EndProject
Global
	GlobalSection(SolutionConfigurationPlatforms) = preSolution
		Debug|Any CPU = Debug|Any CPU
		Release|Any CPU = Release|Any CPU
	EndGlobalSection
	GlobalSection(ProjectConfigurationPlatforms) = postSolution
		{C87BDA45-25C2-4B13-93A4-B5B369B081B7}.Debug|Any CPU.ActiveCfg = Debug|Any CPU
		{C87BDA45-25C2-4B13-93A4-B5B369B081B7}.Debug|Any CPU.Build.0 = Debug|Any CPU
		{C87BDA45-25C2-4B13-93A4-B5B369B081B7}.Release|Any CPU.ActiveCfg = Release|Any CPU
		{C87BDA45-25C2-4B13-93A4-B5B369B081B7}.Release|Any CPU.Build.0 = Release|Any CPU
	EndGlobalSection
	GlobalSection(SolutionProperties) = preSolution
		HideSolutionNode = FALSE
	EndGlobalSection
	GlobalSection(ExtensibilityGlobals) = postSolution
		SolutionGuid = {65522DF0-5BF7-46F4-B57C-AB2F48C77B4B}
	EndGlobalSection
	GlobalSection(TeamFoundationVersionControl) = preSolution
		SccNumberOfProjects = 2
		SccEnterpriseProvider = {4CA58AB2-18FA-4F8D-95D4-32DDF27D184C}
		SccTeamFoundationServer = https://sentimentalhoon.visualstudio.com/
		SccProjectUniqueName0 = RedMango\u0020PowerBall\u0020Support\u0020Program\\RedMangoPowerBallSupportProgram.csproj
		SccProjectName0 = RedMango\u0020PowerBall\u0020Support\u0020Program
		SccLocalPath0 = RedMango\u0020PowerBall\u0020Support\u0020Program
		SccLocalPath1 = .
	EndGlobalSection
EndGlobal
